
Microsoft Visual Studio Solution File, Format Version 12.00
# Visual Studio 15
VisualStudioVersion = 15.0.28010.2048
MinimumVisualStudioVersion = 10.0.40219.1
Project("{8BC9CEB8-8B4A-11D0-8D11-00A0C91BC942}") = "OOP1_week4_001", "OOP1_week4_001\OOP1_week4_001.vcxproj", "{C02B259D-5B11-4EBA-97CA-1E5A91A79AA5}"
EndProject
Global
	GlobalSection(SolutionConfigurationPlatforms) = preSolution
		Debug|x64 = Debug|x64
		Debug|x86 = Debug|x86
		Release|x64 = Release|x64
		Release|x86 = Release|x86
	EndGlobalSection
	GlobalSection(ProjectConfigurationPlatforms) = postSolution
		{C02B259D-5B11-4EBA-97CA-1E5A91A79AA5}.Debug|x64.ActiveCfg = Debug|x64
		{C02B259D-5B11-4EBA-97CA-1E5A91A79AA5}.Debug|x64.Build.0 = Debug|x64
		{C02B259D-5B11-4EBA-97CA-1E5A91A79AA5}.Debug|x86.ActiveCfg = Debug|Win32
		{C02B259D-5B11-4EBA-97CA-1E5A91A79AA5}.Debug|x86.Build.0 = Debug|Win32
		{C02B259D-5B11-4EBA-97CA-1E5A91A79AA5}.Release|x64.ActiveCfg = Release|x64
		{C02B259D-5B11-4EBA-97CA-1E5A91A79AA5}.Release|x64.Build.0 = Release|x64
		{C02B259D-5B11-4EBA-97CA-1E5A91A79AA5}.Release|x86.ActiveCfg = Release|Win32
		{C02B259D-5B11-4EBA-97CA-1E5A91A79AA5}.Release|x86.Build.0 = Release|Win32
	EndGlobalSection
	GlobalSection(SolutionProperties) = preSolution
		HideSolutionNode = FALSE
	EndGlobalSection
	GlobalSection(ExtensibilityGlobals) = postSolution
		SolutionGuid = {93A5DC6E-EF41-4897-8286-BD9EDE34E855}
	EndGlobalSection
EndGlobal
